
Microsoft Visual Studio Solution File, Format Version 12.00
# Visual Studio Version 16
VisualStudioVersion = 16.0.31501.217
MinimumVisualStudioVersion = 10.0.40219.1
Project("{9A19103F-16F7-4668-BE54-9A1E7A4F7556}") = "RoseroGabriela", "RoseroGabriela.csproj", "{32C27480-D523-4C30-BE20-0CCCBE63B81B}"
EndProject
Global
	GlobalSection(SolutionConfigurationPlatforms) = preSolution
		Debug|Any CPU = Debug|Any CPU
		Release|Any CPU = Release|Any CPU
	EndGlobalSection
	GlobalSection(ProjectConfigurationPlatforms) = postSolution
		{32C27480-D523-4C30-BE20-0CCCBE63B81B}.Debug|Any CPU.ActiveCfg = Debug|Any CPU
		{32C27480-D523-4C30-BE20-0CCCBE63B81B}.Debug|Any CPU.Build.0 = Debug|Any CPU
		{32C27480-D523-4C30-BE20-0CCCBE63B81B}.Release|Any CPU.ActiveCfg = Release|Any CPU
		{32C27480-D523-4C30-BE20-0CCCBE63B81B}.Release|Any CPU.Build.0 = Release|Any CPU
	EndGlobalSection
	GlobalSection(SolutionProperties) = preSolution
		HideSolutionNode = FALSE
	EndGlobalSection
	GlobalSection(ExtensibilityGlobals) = postSolution
		SolutionGuid = {A2356B40-FC57-4165-A07C-FB43788F9E3D}
	EndGlobalSection
EndGlobal
